
Microsoft Visual Studio Solution File, Format Version 12.00
# Visual Studio Version 17
VisualStudioVersion = 17.1.32421.90
MinimumVisualStudioVersion = 10.0.40219.1
Project("{9A19103F-16F7-4668-BE54-9A1E7A4F7556}") = "BLL", "BLL\BLL.csproj", "{FB39EF85-23A5-4E87-BA0C-CE9E727AB412}"
EndProject
Project("{9A19103F-16F7-4668-BE54-9A1E7A4F7556}") = "DAL", "DAL\DAL.csproj", "{B2EC5A28-2877-4DB2-A665-1EC0376C6F95}"
EndProject
Project("{9A19103F-16F7-4668-BE54-9A1E7A4F7556}") = "UI", "UI\UI.csproj", "{0E5B38E3-C059-43E4-81C4-906704316C0A}"
EndProject
Global
	GlobalSection(SolutionConfigurationPlatforms) = preSolution
		Debug|Any CPU = Debug|Any CPU
		Release|Any CPU = Release|Any CPU
	EndGlobalSection
	GlobalSection(ProjectConfigurationPlatforms) = postSolution
		{FB39EF85-23A5-4E87-BA0C-CE9E727AB412}.Debug|Any CPU.ActiveCfg = Debug|Any CPU
		{FB39EF85-23A5-4E87-BA0C-CE9E727AB412}.Debug|Any CPU.Build.0 = Debug|Any CPU
		{FB39EF85-23A5-4E87-BA0C-CE9E727AB412}.Release|Any CPU.ActiveCfg = Release|Any CPU
		{FB39EF85-23A5-4E87-BA0C-CE9E727AB412}.Release|Any CPU.Build.0 = Release|Any CPU
		{B2EC5A28-2877-4DB2-A665-1EC0376C6F95}.Debug|Any CPU.ActiveCfg = Debug|Any CPU
		{B2EC5A28-2877-4DB2-A665-1EC0376C6F95}.Debug|Any CPU.Build.0 = Debug|Any CPU
		{B2EC5A28-2877-4DB2-A665-1EC0376C6F95}.Release|Any CPU.ActiveCfg = Release|Any CPU
		{B2EC5A28-2877-4DB2-A665-1EC0376C6F95}.Release|Any CPU.Build.0 = Release|Any CPU
		{0E5B38E3-C059-43E4-81C4-906704316C0A}.Debug|Any CPU.ActiveCfg = Debug|Any CPU
		{0E5B38E3-C059-43E4-81C4-906704316C0A}.Debug|Any CPU.Build.0 = Debug|Any CPU
		{0E5B38E3-C059-43E4-81C4-906704316C0A}.Release|Any CPU.ActiveCfg = Release|Any CPU
		{0E5B38E3-C059-43E4-81C4-906704316C0A}.Release|Any CPU.Build.0 = Release|Any CPU
	EndGlobalSection
	GlobalSection(SolutionProperties) = preSolution
		HideSolutionNode = FALSE
	EndGlobalSection
	GlobalSection(ExtensibilityGlobals) = postSolution
		SolutionGuid = {0D224912-1DA7-4DF9-BAB2-0C914B0E5A44}
	EndGlobalSection
EndGlobal
